
Microsoft Visual Studio Solution File, Format Version 12.00
# Visual Studio Version 17
VisualStudioVersion = 17.0.32112.339
MinimumVisualStudioVersion = 10.0.40219.1
Project("{9A19103F-16F7-4668-BE54-9A1E7A4F7556}") = "LINQTut16.ExpressionTree01", "LINQTut16.ExpressionTree01\LINQTut16.ExpressionTree01.csproj", "{6336FE07-AF1A-44DC-A264-4C0EF1F3DCDB}"
EndProject
Project("{9A19103F-16F7-4668-BE54-9A1E7A4F7556}") = "LINQTut16.ExpressionTree02", "LINQTut16.ExpressionTree02\LINQTut16.ExpressionTree02.csproj", "{76FC5EA7-4C6B-42E9-A2FA-422ACEF12026}"
EndProject
Project("{9A19103F-16F7-4668-BE54-9A1E7A4F7556}") = "LINQTut16.ExpressionTree03", "LINQTut16.ExpressionTree03\LINQTut16.ExpressionTree03.csproj", "{CDCB4C5E-6480-4A82-B035-FFFD6CD78437}"
EndProject
Global
	GlobalSection(SolutionConfigurationPlatforms) = preSolution
		Debug|Any CPU = Debug|Any CPU
		Release|Any CPU = Release|Any CPU
	EndGlobalSection
	GlobalSection(ProjectConfigurationPlatforms) = postSolution
		{6336FE07-AF1A-44DC-A264-4C0EF1F3DCDB}.Debug|Any CPU.ActiveCfg = Debug|Any CPU
		{6336FE07-AF1A-44DC-A264-4C0EF1F3DCDB}.Debug|Any CPU.Build.0 = Debug|Any CPU
		{6336FE07-AF1A-44DC-A264-4C0EF1F3DCDB}.Release|Any CPU.ActiveCfg = Release|Any CPU
		{6336FE07-AF1A-44DC-A264-4C0EF1F3DCDB}.Release|Any CPU.Build.0 = Release|Any CPU
		{76FC5EA7-4C6B-42E9-A2FA-422ACEF12026}.Debug|Any CPU.ActiveCfg = Debug|Any CPU
		{76FC5EA7-4C6B-42E9-A2FA-422ACEF12026}.Debug|Any CPU.Build.0 = Debug|Any CPU
		{76FC5EA7-4C6B-42E9-A2FA-422ACEF12026}.Release|Any CPU.ActiveCfg = Release|Any CPU
		{76FC5EA7-4C6B-42E9-A2FA-422ACEF12026}.Release|Any CPU.Build.0 = Release|Any CPU
		{CDCB4C5E-6480-4A82-B035-FFFD6CD78437}.Debug|Any CPU.ActiveCfg = Debug|Any CPU
		{CDCB4C5E-6480-4A82-B035-FFFD6CD78437}.Debug|Any CPU.Build.0 = Debug|Any CPU
		{CDCB4C5E-6480-4A82-B035-FFFD6CD78437}.Release|Any CPU.ActiveCfg = Release|Any CPU
		{CDCB4C5E-6480-4A82-B035-FFFD6CD78437}.Release|Any CPU.Build.0 = Release|Any CPU
	EndGlobalSection
	GlobalSection(SolutionProperties) = preSolution
		HideSolutionNode = FALSE
	EndGlobalSection
	GlobalSection(ExtensibilityGlobals) = postSolution
		SolutionGuid = {19AA4790-5E5B-442E-ABD9-E8743B78E33D}
	EndGlobalSection
EndGlobal
